
Microsoft Visual Studio Solution File, Format Version 12.00
# Visual Studio 15
VisualStudioVersion = 15.0.28307.1062
MinimumVisualStudioVersion = 10.0.40219.1
Project("{8BC9CEB8-8B4A-11D0-8D11-00A0C91BC942}") = "bai 4", "bai 4\bai 4.vcxproj", "{246E0FEE-F23C-4E10-B83A-F7930F162C94}"
EndProject
Global
	GlobalSection(SolutionConfigurationPlatforms) = preSolution
		Debug|x64 = Debug|x64
		Debug|x86 = Debug|x86
		Release|x64 = Release|x64
		Release|x86 = Release|x86
	EndGlobalSection
	GlobalSection(ProjectConfigurationPlatforms) = postSolution
		{246E0FEE-F23C-4E10-B83A-F7930F162C94}.Debug|x64.ActiveCfg = Debug|x64
		{246E0FEE-F23C-4E10-B83A-F7930F162C94}.Debug|x64.Build.0 = Debug|x64
		{246E0FEE-F23C-4E10-B83A-F7930F162C94}.Debug|x86.ActiveCfg = Debug|Win32
		{246E0FEE-F23C-4E10-B83A-F7930F162C94}.Debug|x86.Build.0 = Debug|Win32
		{246E0FEE-F23C-4E10-B83A-F7930F162C94}.Release|x64.ActiveCfg = Release|x64
		{246E0FEE-F23C-4E10-B83A-F7930F162C94}.Release|x64.Build.0 = Release|x64
		{246E0FEE-F23C-4E10-B83A-F7930F162C94}.Release|x86.ActiveCfg = Release|Win32
		{246E0FEE-F23C-4E10-B83A-F7930F162C94}.Release|x86.Build.0 = Release|Win32
	EndGlobalSection
	GlobalSection(SolutionProperties) = preSolution
		HideSolutionNode = FALSE
	EndGlobalSection
	GlobalSection(ExtensibilityGlobals) = postSolution
		SolutionGuid = {38E169BB-4423-471A-A509-17282E89D7DD}
	EndGlobalSection
EndGlobal
